// !$*UTF8*$!
{
	archiveVersion = 1;
	classes = {
	};
	objectVersion = 77;
	objects = {

/* Begin PBXBuildFile section */
		1AAA2280C95F340AA2A7B6D2 /* LogLinesView.swift in Sources */ = {isa = PBXBuildFile; fileRef = 7BE295EAE62547A0CD9D2285 /* LogLinesView.swift */; };
		3B7B5C85978848B92BA2AF8D /* TwitterArchiveModels.swift in Sources */ = {isa = PBXBuildFile; fileRef = 9B1180C6E2BFC5A5AC1029D0 /* TwitterArchiveModels.swift */; };
		43173904E21C9C224469134D /* ContentView.swift in Sources */ = {isa = PBXBuildFile; fileRef = 0168F0DCC6C30B255CCA9A79 /* ContentView.swift */; };
		646D09DDE21363586CC6D1A3 /* AppStrings.swift in Sources */ = {isa = PBXBuildFile; fileRef = 03F04670C24EA535E774C86C /* AppStrings.swift */; };
		6EAA3BDB8542E5C42E1507D8 /* ImportDomainModels.swift in Sources */ = {isa = PBXBuildFile; fileRef = 004575D374C45CE8964D6872 /* ImportDomainModels.swift */; };
		891F09DF51EFAA349A5D62D9 /* ImportSettings.swift in Sources */ = {isa = PBXBuildFile; fileRef = A1944D6BD53DC181A80231B3 /* ImportSettings.swift */; };
		941C9CDB4830BBD5BBE51660 /* TwitterImportEngine.swift in Sources */ = {isa = PBXBuildFile; fileRef = A5BEE39732226AD731A9865E /* TwitterImportEngine.swift */; };
		A2C93EA3580DC68E58199747 /* ImportViewModel.swift in Sources */ = {isa = PBXBuildFile; fileRef = 4B840E9C35E45861412CD2A0 /* ImportViewModel.swift */; };
		A36FBC0BE954EDAA696A9769 /* OllamaURL.swift in Sources */ = {isa = PBXBuildFile; fileRef = A28A15C43BC362CBC510989C /* OllamaURL.swift */; };
		A6B924C1BB2B35C7FF88800F /* String+Utilities.swift in Sources */ = {isa = PBXBuildFile; fileRef = 1133BE7C1EC1C2DFD08824D2 /* String+Utilities.swift */; };
		C9BC81F399F7A1144BE4676C /* TwixodusApp.swift in Sources */ = {isa = PBXBuildFile; fileRef = 7C8EFE452AC6803A3E46F960 /* TwixodusApp.swift */; };
		ECCCB559D7387C0274D8701D /* DayOneCLI.swift in Sources */ = {isa = PBXBuildFile; fileRef = B1C8920AEABDBF2ED3757DA3 /* DayOneCLI.swift */; };
/* End PBXBuildFile section */

/* Begin PBXFileReference section */
		004575D374C45CE8964D6872 /* ImportDomainModels.swift */ = {isa = PBXFileReference; lastKnownFileType = sourcecode.swift; path = ImportDomainModels.swift; sourceTree = "<group>"; };
		0168F0DCC6C30B255CCA9A79 /* ContentView.swift */ = {isa = PBXFileReference; lastKnownFileType = sourcecode.swift; path = ContentView.swift; sourceTree = "<group>"; };
		03F04670C24EA535E774C86C /* AppStrings.swift */ = {isa = PBXFileReference; lastKnownFileType = sourcecode.swift; path = AppStrings.swift; sourceTree = "<group>"; };
		1133BE7C1EC1C2DFD08824D2 /* String+Utilities.swift */ = {isa = PBXFileReference; lastKnownFileType = sourcecode.swift; path = "String+Utilities.swift"; sourceTree = "<group>"; };
		4B840E9C35E45861412CD2A0 /* ImportViewModel.swift */ = {isa = PBXFileReference; lastKnownFileType = sourcecode.swift; path = ImportViewModel.swift; sourceTree = "<group>"; };
		7BE295EAE62547A0CD9D2285 /* LogLinesView.swift */ = {isa = PBXFileReference; lastKnownFileType = sourcecode.swift; path = LogLinesView.swift; sourceTree = "<group>"; };
		7C8EFE452AC6803A3E46F960 /* TwixodusApp.swift */ = {isa = PBXFileReference; lastKnownFileType = sourcecode.swift; path = TwixodusApp.swift; sourceTree = "<group>"; };
		9B1180C6E2BFC5A5AC1029D0 /* TwitterArchiveModels.swift */ = {isa = PBXFileReference; lastKnownFileType = sourcecode.swift; path = TwitterArchiveModels.swift; sourceTree = "<group>"; };
		A1944D6BD53DC181A80231B3 /* ImportSettings.swift */ = {isa = PBXFileReference; lastKnownFileType = sourcecode.swift; path = ImportSettings.swift; sourceTree = "<group>"; };
		A28A15C43BC362CBC510989C /* OllamaURL.swift */ = {isa = PBXFileReference; lastKnownFileType = sourcecode.swift; path = OllamaURL.swift; sourceTree = "<group>"; };
		A5BEE39732226AD731A9865E /* TwitterImportEngine.swift */ = {isa = PBXFileReference; lastKnownFileType = sourcecode.swift; path = TwitterImportEngine.swift; sourceTree = "<group>"; };
		B1C8920AEABDBF2ED3757DA3 /* DayOneCLI.swift */ = {isa = PBXFileReference; lastKnownFileType = sourcecode.swift; path = DayOneCLI.swift; sourceTree = "<group>"; };
		DF18971A37DC06D6359AF59A /* Twixodus.app */ = {isa = PBXFileReference; explicitFileType = wrapper.application; includeInIndex = 0; path = Twixodus.app; sourceTree = BUILT_PRODUCTS_DIR; };
/* End PBXFileReference section */

/* Begin PBXGroup section */
		0D692C4636D447F5D617597D = {
			isa = PBXGroup;
			children = (
				1B036181F26AA4AD150C35EA /* Twixodus */,
				A64C3773BCB892992A810F0C /* Products */,
			);
			sourceTree = "<group>";
		};
		1B036181F26AA4AD150C35EA /* Twixodus */ = {
			isa = PBXGroup;
			children = (
				03F04670C24EA535E774C86C /* AppStrings.swift */,
				0168F0DCC6C30B255CCA9A79 /* ContentView.swift */,
				A1944D6BD53DC181A80231B3 /* ImportSettings.swift */,
				4B840E9C35E45861412CD2A0 /* ImportViewModel.swift */,
				A5BEE39732226AD731A9865E /* TwitterImportEngine.swift */,
				7C8EFE452AC6803A3E46F960 /* TwixodusApp.swift */,
				C78DF34F8CF625F2BBF735DF /* ImportEngine */,
				D559D50257225E4F40BA72B7 /* UI */,
				9BE026E222EBABF450B0EEC3 /* Utilities */,
			);
			path = Twixodus;
			sourceTree = "<group>";
		};
		9BE026E222EBABF450B0EEC3 /* Utilities */ = {
			isa = PBXGroup;
			children = (
				A28A15C43BC362CBC510989C /* OllamaURL.swift */,
				1133BE7C1EC1C2DFD08824D2 /* String+Utilities.swift */,
			);
			path = Utilities;
			sourceTree = "<group>";
		};
		A64C3773BCB892992A810F0C /* Products */ = {
			isa = PBXGroup;
			children = (
				DF18971A37DC06D6359AF59A /* Twixodus.app */,
			);
			name = Products;
			sourceTree = "<group>";
		};
		C78DF34F8CF625F2BBF735DF /* ImportEngine */ = {
			isa = PBXGroup;
			children = (
				B1C8920AEABDBF2ED3757DA3 /* DayOneCLI.swift */,
				004575D374C45CE8964D6872 /* ImportDomainModels.swift */,
				9B1180C6E2BFC5A5AC1029D0 /* TwitterArchiveModels.swift */,
			);
			path = ImportEngine;
			sourceTree = "<group>";
		};
		D559D50257225E4F40BA72B7 /* UI */ = {
			isa = PBXGroup;
			children = (
				7BE295EAE62547A0CD9D2285 /* LogLinesView.swift */,
			);
			path = UI;
			sourceTree = "<group>";
		};
/* End PBXGroup section */

/* Begin PBXNativeTarget section */
		FC5BE26A15ED52F1ED6ECF68 /* Twixodus */ = {
			isa = PBXNativeTarget;
			buildConfigurationList = B3CD9A80B2910888A1B77095 /* Build configuration list for PBXNativeTarget "Twixodus" */;
			buildPhases = (
				1A7AC9BA1216A83CEEAA3847 /* Sources */,
			);
			buildRules = (
			);
			dependencies = (
			);
			name = Twixodus;
			packageProductDependencies = (
			);
			productName = Twixodus;
			productReference = DF18971A37DC06D6359AF59A /* Twixodus.app */;
			productType = "com.apple.product-type.application";
		};
/* End PBXNativeTarget section */

/* Begin PBXProject section */
		DF838F2FE22C51E5CE5E9771 /* Project object */ = {
			isa = PBXProject;
			attributes = {
				BuildIndependentTargetsInParallel = YES;
				LastUpgradeCheck = 1430;
				TargetAttributes = {
					FC5BE26A15ED52F1ED6ECF68 = {
						ProvisioningStyle = Automatic;
					};
				};
			};
			buildConfigurationList = 9561CD92A702CD6C702F80E8 /* Build configuration list for PBXProject "Twixodus" */;
			compatibilityVersion = "Xcode 14.0";
			developmentRegion = en;
			hasScannedForEncodings = 0;
			knownRegions = (
				Base,
				en,
			);
			mainGroup = 0D692C4636D447F5D617597D;
			minimizedProjectReferenceProxies = 1;
			preferredProjectObjectVersion = 77;
			projectDirPath = "";
			projectRoot = "";
			targets = (
				FC5BE26A15ED52F1ED6ECF68 /* Twixodus */,
			);
		};
/* End PBXProject section */

/* Begin PBXSourcesBuildPhase section */
		1A7AC9BA1216A83CEEAA3847 /* Sources */ = {
			isa = PBXSourcesBuildPhase;
			buildActionMask = 2147483647;
			files = (
				646D09DDE21363586CC6D1A3 /* AppStrings.swift in Sources */,
				43173904E21C9C224469134D /* ContentView.swift in Sources */,
				ECCCB559D7387C0274D8701D /* DayOneCLI.swift in Sources */,
				6EAA3BDB8542E5C42E1507D8 /* ImportDomainModels.swift in Sources */,
				891F09DF51EFAA349A5D62D9 /* ImportSettings.swift in Sources */,
				A2C93EA3580DC68E58199747 /* ImportViewModel.swift in Sources */,
				1AAA2280C95F340AA2A7B6D2 /* LogLinesView.swift in Sources */,
				A36FBC0BE954EDAA696A9769 /* OllamaURL.swift in Sources */,
				A6B924C1BB2B35C7FF88800F /* String+Utilities.swift in Sources */,
				3B7B5C85978848B92BA2AF8D /* TwitterArchiveModels.swift in Sources */,
				941C9CDB4830BBD5BBE51660 /* TwitterImportEngine.swift in Sources */,
				C9BC81F399F7A1144BE4676C /* TwixodusApp.swift in Sources */,
			);
			runOnlyForDeploymentPostprocessing = 0;
		};
/* End PBXSourcesBuildPhase section */

/* Begin XCBuildConfiguration section */
		13F25EFA6A8CA9DFA16AA488 /* Debug */ = {
			isa = XCBuildConfiguration;
			buildSettings = {
				ALWAYS_SEARCH_USER_PATHS = NO;
				CLANG_ANALYZER_NONNULL = YES;
				CLANG_ANALYZER_NUMBER_OBJECT_CONVERSION = YES_AGGRESSIVE;
				CLANG_CXX_LANGUAGE_STANDARD = "gnu++14";
				CLANG_CXX_LIBRARY = "libc++";
				CLANG_ENABLE_MODULES = YES;
				CLANG_ENABLE_OBJC_ARC = YES;
				CLANG_ENABLE_OBJC_WEAK = YES;
				CLANG_WARN_BLOCK_CAPTURE_AUTORELEASING = YES;
				CLANG_WARN_BOOL_CONVERSION = YES;
				CLANG_WARN_COMMA = YES;
				CLANG_WARN_CONSTANT_CONVERSION = YES;
				CLANG_WARN_DEPRECATED_OBJC_IMPLEMENTATIONS = YES;
				CLANG_WARN_DIRECT_OBJC_ISA_USAGE = YES_ERROR;
				CLANG_WARN_DOCUMENTATION_COMMENTS = YES;
				CLANG_WARN_EMPTY_BODY = YES;
				CLANG_WARN_ENUM_CONVERSION = YES;
				CLANG_WARN_INFINITE_RECURSION = YES;
				CLANG_WARN_INT_CONVERSION = YES;
				CLANG_WARN_NON_LITERAL_NULL_CONVERSION = YES;
				CLANG_WARN_OBJC_IMPLICIT_RETAIN_SELF = YES;
				CLANG_WARN_OBJC_LITERAL_CONVERSION = YES;
				CLANG_WARN_OBJC_ROOT_CLASS = YES_ERROR;
				CLANG_WARN_QUOTED_INCLUDE_IN_FRAMEWORK_HEADER = YES;
				CLANG_WARN_RANGE_LOOP_ANALYSIS = YES;
				CLANG_WARN_STRICT_PROTOTYPES = YES;
				CLANG_WARN_SUSPICIOUS_MOVE = YES;
				CLANG_WARN_UNGUARDED_AVAILABILITY = YES_AGGRESSIVE;
				CLANG_WARN_UNREACHABLE_CODE = YES;
				CLANG_WARN__DUPLICATE_METHOD_MATCH = YES;
				COPY_PHASE_STRIP = NO;
				DEBUG_INFORMATION_FORMAT = dwarf;
				ENABLE_STRICT_OBJC_MSGSEND = YES;
				ENABLE_TESTABILITY = YES;
				GCC_C_LANGUAGE_STANDARD = gnu11;
				GCC_DYNAMIC_NO_PIC = NO;
				GCC_NO_COMMON_BLOCKS = YES;
				GCC_OPTIMIZATION_LEVEL = 0;
				GCC_PREPROCESSOR_DEFINITIONS = (
					"$(inherited)",
					"DEBUG=1",
				);
				GCC_WARN_64_TO_32_BIT_CONVERSION = YES;
				GCC_WARN_ABOUT_RETURN_TYPE = YES_ERROR;
				GCC_WARN_UNDECLARED_SELECTOR = YES;
				GCC_WARN_UNINITIALIZED_AUTOS = YES_AGGRESSIVE;
				GCC_WARN_UNUSED_FUNCTION = YES;
				GCC_WARN_UNUSED_VARIABLE = YES;
				MACOSX_DEPLOYMENT_TARGET = 15.0;
				MTL_ENABLE_DEBUG_INFO = INCLUDE_SOURCE;
				MTL_FAST_MATH = YES;
				ONLY_ACTIVE_ARCH = YES;
				PRODUCT_NAME = "$(TARGET_NAME)";
				SDKROOT = macosx;
				SWIFT_ACTIVE_COMPILATION_CONDITIONS = DEBUG;
				SWIFT_OPTIMIZATION_LEVEL = "-Onone";
				SWIFT_VERSION = 6.0;
			};
			name = Debug;
		};
		5525C8A4825CB41A2FCF7DBB /* Debug */ = {
			isa = XCBuildConfiguration;
			buildSettings = {
				ASSETCATALOG_COMPILER_APPICON_NAME = AppIcon;
				CODE_SIGN_STYLE = Automatic;
				COMBINE_HIDPI_IMAGES = YES;
				GENERATE_INFOPLIST_FILE = YES;
				INFOPLIST_KEY_CFBundleDisplayName = Twixodus;
				INFOPLIST_KEY_LSApplicationCategoryType = "public.app-category.utilities";
				LD_RUNPATH_SEARCH_PATHS = (
					"$(inherited)",
					"@executable_path/../Frameworks",
				);
				MACOSX_DEPLOYMENT_TARGET = 15.0;
				PRODUCT_BUNDLE_IDENTIFIER = com.jonathan.twixodus;
				PRODUCT_NAME = Twixodus;
				SDKROOT = macosx;
			};
			name = Debug;
		};
		A4225C2649841A46F7A824BD /* Release */ = {
			isa = XCBuildConfiguration;
			buildSettings = {
				ASSETCATALOG_COMPILER_APPICON_NAME = AppIcon;
				CODE_SIGN_STYLE = Automatic;
				COMBINE_HIDPI_IMAGES = YES;
				GENERATE_INFOPLIST_FILE = YES;
				INFOPLIST_KEY_CFBundleDisplayName = Twixodus;
				INFOPLIST_KEY_LSApplicationCategoryType = "public.app-category.utilities";
				LD_RUNPATH_SEARCH_PATHS = (
					"$(inherited)",
					"@executable_path/../Frameworks",
				);
				MACOSX_DEPLOYMENT_TARGET = 15.0;
				PRODUCT_BUNDLE_IDENTIFIER = com.jonathan.twixodus;
				PRODUCT_NAME = Twixodus;
				SDKROOT = macosx;
			};
			name = Release;
		};
		EBCEC65ACD8F197922E5D2C4 /* Release */ = {
			isa = XCBuildConfiguration;
			buildSettings = {
				ALWAYS_SEARCH_USER_PATHS = NO;
				CLANG_ANALYZER_NONNULL = YES;
				CLANG_ANALYZER_NUMBER_OBJECT_CONVERSION = YES_AGGRESSIVE;
				CLANG_CXX_LANGUAGE_STANDARD = "gnu++14";
				CLANG_CXX_LIBRARY = "libc++";
				CLANG_ENABLE_MODULES = YES;
				CLANG_ENABLE_OBJC_ARC = YES;
				CLANG_ENABLE_OBJC_WEAK = YES;
				CLANG_WARN_BLOCK_CAPTURE_AUTORELEASING = YES;
				CLANG_WARN_BOOL_CONVERSION = YES;
				CLANG_WARN_COMMA = YES;
				CLANG_WARN_CONSTANT_CONVERSION = YES;
				CLANG_WARN_DEPRECATED_OBJC_IMPLEMENTATIONS = YES;
				CLANG_WARN_DIRECT_OBJC_ISA_USAGE = YES_ERROR;
				CLANG_WARN_DOCUMENTATION_COMMENTS = YES;
				CLANG_WARN_EMPTY_BODY = YES;
				CLANG_WARN_ENUM_CONVERSION = YES;
				CLANG_WARN_INFINITE_RECURSION = YES;
				CLANG_WARN_INT_CONVERSION = YES;
				CLANG_WARN_NON_LITERAL_NULL_CONVERSION = YES;
				CLANG_WARN_OBJC_IMPLICIT_RETAIN_SELF = YES;
				CLANG_WARN_OBJC_LITERAL_CONVERSION = YES;
				CLANG_WARN_OBJC_ROOT_CLASS = YES_ERROR;
				CLANG_WARN_QUOTED_INCLUDE_IN_FRAMEWORK_HEADER = YES;
				CLANG_WARN_RANGE_LOOP_ANALYSIS = YES;
				CLANG_WARN_STRICT_PROTOTYPES = YES;
				CLANG_WARN_SUSPICIOUS_MOVE = YES;
				CLANG_WARN_UNGUARDED_AVAILABILITY = YES_AGGRESSIVE;
				CLANG_WARN_UNREACHABLE_CODE = YES;
				CLANG_WARN__DUPLICATE_METHOD_MATCH = YES;
				COPY_PHASE_STRIP = NO;
				DEBUG_INFORMATION_FORMAT = "dwarf-with-dsym";
				ENABLE_NS_ASSERTIONS = NO;
				ENABLE_STRICT_OBJC_MSGSEND = YES;
				GCC_C_LANGUAGE_STANDARD = gnu11;
				GCC_NO_COMMON_BLOCKS = YES;
				GCC_WARN_64_TO_32_BIT_CONVERSION = YES;
				GCC_WARN_ABOUT_RETURN_TYPE = YES_ERROR;
				GCC_WARN_UNDECLARED_SELECTOR = YES;
				GCC_WARN_UNINITIALIZED_AUTOS = YES_AGGRESSIVE;
				GCC_WARN_UNUSED_FUNCTION = YES;
				GCC_WARN_UNUSED_VARIABLE = YES;
				MACOSX_DEPLOYMENT_TARGET = 15.0;
				MTL_ENABLE_DEBUG_INFO = NO;
				MTL_FAST_MATH = YES;
				PRODUCT_NAME = "$(TARGET_NAME)";
				SDKROOT = macosx;
				SWIFT_COMPILATION_MODE = wholemodule;
				SWIFT_OPTIMIZATION_LEVEL = "-O";
				SWIFT_VERSION = 6.0;
			};
			name = Release;
		};
/* End XCBuildConfiguration section */

/* Begin XCConfigurationList section */
		9561CD92A702CD6C702F80E8 /* Build configuration list for PBXProject "Twixodus" */ = {
			isa = XCConfigurationList;
			buildConfigurations = (
				13F25EFA6A8CA9DFA16AA488 /* Debug */,
				EBCEC65ACD8F197922E5D2C4 /* Release */,
			);
			defaultConfigurationIsVisible = 0;
			defaultConfigurationName = Debug;
		};
		B3CD9A80B2910888A1B77095 /* Build configuration list for PBXNativeTarget "Twixodus" */ = {
			isa = XCConfigurationList;
			buildConfigurations = (
				5525C8A4825CB41A2FCF7DBB /* Debug */,
				A4225C2649841A46F7A824BD /* Release */,
			);
			defaultConfigurationIsVisible = 0;
			defaultConfigurationName = Debug;
		};
/* End XCConfigurationList section */
	};
	rootObject = DF838F2FE22C51E5CE5E9771 /* Project object */;
}
